// !$*UTF8*$!
{
	archiveVersion = 1;
	classes = {
	};
	objectVersion = 77;
	objects = {

/* Begin PBXContainerItemProxy section */
		7ED5A34B2D42D0CB00F65447 /* PBXContainerItemProxy */ = {
			isa = PBXContainerItemProxy;
			containerPortal = 7ED5A3322D42D0C900F65447 /* Project object */;
			proxyType = 1;
			remoteGlobalIDString = 7ED5A3392D42D0C900F65447;
			remoteInfo = FootDash;
		};
		7ED5A3552D42D0CB00F65447 /* PBXContainerItemProxy */ = {
			isa = PBXContainerItemProxy;
			containerPortal = 7ED5A3322D42D0C900F65447 /* Project object */;
			proxyType = 1;
			remoteGlobalIDString = 7ED5A3392D42D0C900F65447;
			remoteInfo = FootDash;
		};
/* End PBXContainerItemProxy section */

/* Begin PBXFileReference section */
		7ED5A33A2D42D0C900F65447 /* FootDash.app */ = {isa = PBXFileReference; explicitFileType = wrapper.application; includeInIndex = 0; path = FootDash.app; sourceTree = BUILT_PRODUCTS_DIR; };
		7ED5A34A2D42D0CB00F65447 /* FootDashTests.xctest */ = {isa = PBXFileReference; explicitFileType = wrapper.cfbundle; includeInIndex = 0; path = FootDashTests.xctest; sourceTree = BUILT_PRODUCTS_DIR; };
		7ED5A3542D42D0CB00F65447 /* FootDashUITests.xctest */ = {isa = PBXFileReference; explicitFileType = wrapper.cfbundle; includeInIndex = 0; path = FootDashUITests.xctest; sourceTree = BUILT_PRODUCTS_DIR; };
/* End PBXFileReference section */

/* Begin PBXFileSystemSynchronizedRootGroup section */
		7ED5A33C2D42D0C900F65447 /* FootDash */ = {
			isa = PBXFileSystemSynchronizedRootGroup;
			path = FootDash;
			sourceTree = "<group>";
		};
		7ED5A34D2D42D0CB00F65447 /* FootDashTests */ = {
			isa = PBXFileSystemSynchronizedRootGroup;
			path = FootDashTests;
			sourceTree = "<group>";
		};
		7ED5A3572D42D0CB00F65447 /* FootDashUITests */ = {
			isa = PBXFileSystemSynchronizedRootGroup;
			path = FootDashUITests;
			sourceTree = "<group>";
		};
/* End PBXFileSystemSynchronizedRootGroup section */

/* Begin PBXFrameworksBuildPhase section */
		7ED5A3372D42D0C900F65447 /* Frameworks */ = {
			isa = PBXFrameworksBuildPhase;
			buildActionMask = 2147483647;
			files = (
			);
			runOnlyForDeploymentPostprocessing = 0;
		};
		7ED5A3472D42D0CB00F65447 /* Frameworks */ = {
			isa = PBXFrameworksBuildPhase;
			buildActionMask = 2147483647;
			files = (
			);
			runOnlyForDeploymentPostprocessing = 0;
		};
		7ED5A3512D42D0CB00F65447 /* Frameworks */ = {
			isa = PBXFrameworksBuildPhase;
			buildActionMask = 2147483647;
			files = (
			);
			runOnlyForDeploymentPostprocessing = 0;
		};
/* End PBXFrameworksBuildPhase section */

/* Begin PBXGroup section */
		7ED5A3312D42D0C900F65447 = {
			isa = PBXGroup;
			children = (
				7ED5A33C2D42D0C900F65447 /* FootDash */,
				7ED5A34D2D42D0CB00F65447 /* FootDashTests */,
				7ED5A3572D42D0CB00F65447 /* FootDashUITests */,
				7ED5A33B2D42D0C900F65447 /* Products */,
			);
			sourceTree = "<group>";
		};
		7ED5A33B2D42D0C900F65447 /* Products */ = {
			isa = PBXGroup;
			children = (
				7ED5A33A2D42D0C900F65447 /* FootDash.app */,
				7ED5A34A2D42D0CB00F65447 /* FootDashTests.xctest */,
				7ED5A3542D42D0CB00F65447 /* FootDashUITests.xctest */,
			);
			name = Products;
			sourceTree = "<group>";
		};
/* End PBXGroup section */

/* Begin PBXNativeTarget section */
		7ED5A3392D42D0C900F65447 /* FootDash */ = {
			isa = PBXNativeTarget;
			buildConfigurationList = 7ED5A35E2D42D0CB00F65447 /* Build configuration list for PBXNativeTarget "FootDash" */;
			buildPhases = (
				7ED5A3362D42D0C900F65447 /* Sources */,
				7ED5A3372D42D0C900F65447 /* Frameworks */,
				7ED5A3382D42D0C900F65447 /* Resources */,
			);
			buildRules = (
			);
			dependencies = (
			);
			fileSystemSynchronizedGroups = (
				7ED5A33C2D42D0C900F65447 /* FootDash */,
			);
			name = FootDash;
			packageProductDependencies = (
			);
			productName = FootDash;
			productReference = 7ED5A33A2D42D0C900F65447 /* FootDash.app */;
			productType = "com.apple.product-type.application";
		};
		7ED5A3492D42D0CB00F65447 /* FootDashTests */ = {
			isa = PBXNativeTarget;
			buildConfigurationList = 7ED5A3612D42D0CB00F65447 /* Build configuration list for PBXNativeTarget "FootDashTests" */;
			buildPhases = (
				7ED5A3462D42D0CB00F65447 /* Sources */,
				7ED5A3472D42D0CB00F65447 /* Frameworks */,
				7ED5A3482D42D0CB00F65447 /* Resources */,
			);
			buildRules = (
			);
			dependencies = (
				7ED5A34C2D42D0CB00F65447 /* PBXTargetDependency */,
			);
			fileSystemSynchronizedGroups = (
				7ED5A34D2D42D0CB00F65447 /* FootDashTests */,
			);
			name = FootDashTests;
			packageProductDependencies = (
			);
			productName = FootDashTests;
			productReference = 7ED5A34A2D42D0CB00F65447 /* FootDashTests.xctest */;
			productType = "com.apple.product-type.bundle.unit-test";
		};
		7ED5A3532D42D0CB00F65447 /* FootDashUITests */ = {
			isa = PBXNativeTarget;
			buildConfigurationList = 7ED5A3642D42D0CB00F65447 /* Build configuration list for PBXNativeTarget "FootDashUITests" */;
			buildPhases = (
				7ED5A3502D42D0CB00F65447 /* Sources */,
				7ED5A3512D42D0CB00F65447 /* Frameworks */,
				7ED5A3522D42D0CB00F65447 /* Resources */,
			);
			buildRules = (
			);
			dependencies = (
				7ED5A3562D42D0CB00F65447 /* PBXTargetDependency */,
			);
			fileSystemSynchronizedGroups = (
				7ED5A3572D42D0CB00F65447 /* FootDashUITests */,
			);
			name = FootDashUITests;
			packageProductDependencies = (
			);
			productName = FootDashUITests;
			productReference = 7ED5A3542D42D0CB00F65447 /* FootDashUITests.xctest */;
			productType = "com.apple.product-type.bundle.ui-testing";
		};
/* End PBXNativeTarget section */

/* Begin PBXProject section */
		7ED5A3322D42D0C900F65447 /* Project object */ = {
			isa = PBXProject;
			attributes = {
				BuildIndependentTargetsInParallel = 1;
				LastSwiftUpdateCheck = 1620;
				LastUpgradeCheck = 1620;
				TargetAttributes = {
					7ED5A3392D42D0C900F65447 = {
						CreatedOnToolsVersion = 16.2;
					};
					7ED5A3492D42D0CB00F65447 = {
						CreatedOnToolsVersion = 16.2;
						TestTargetID = 7ED5A3392D42D0C900F65447;
					};
					7ED5A3532D42D0CB00F65447 = {
						CreatedOnToolsVersion = 16.2;
						TestTargetID = 7ED5A3392D42D0C900F65447;
					};
				};
			};
			buildConfigurationList = 7ED5A3352D42D0C900F65447 /* Build configuration list for PBXProject "FootDash" */;
			developmentRegion = en;
			hasScannedForEncodings = 0;
			knownRegions = (
				en,
				Base,
			);
			mainGroup = 7ED5A3312D42D0C900F65447;
			minimizedProjectReferenceProxies = 1;
			preferredProjectObjectVersion = 77;
			productRefGroup = 7ED5A33B2D42D0C900F65447 /* Products */;
			projectDirPath = "";
			projectRoot = "";
			targets = (
				7ED5A3392D42D0C900F65447 /* FootDash */,
				7ED5A3492D42D0CB00F65447 /* FootDashTests */,
				7ED5A3532D42D0CB00F65447 /* FootDashUITests */,
			);
		};
/* End PBXProject section */

/* Begin PBXResourcesBuildPhase section */
		7ED5A3382D42D0C900F65447 /* Resources */ = {
			isa = PBXResourcesBuildPhase;
			buildActionMask = 2147483647;
			files = (
			);
			runOnlyForDeploymentPostprocessing = 0;
		};
		7ED5A3482D42D0CB00F65447 /* Resources */ = {
			isa = PBXResourcesBuildPhase;
			buildActionMask = 2147483647;
			files = (
			);
			runOnlyForDeploymentPostprocessing = 0;
		};
		7ED5A3522D42D0CB00F65447 /* Resources */ = {
			isa = PBXResourcesBuildPhase;
			buildActionMask = 2147483647;
			files = (
			);
			runOnlyForDeploymentPostprocessing = 0;
		};
/* End PBXResourcesBuildPhase section */

/* Begin PBXSourcesBuildPhase section */
		7ED5A3362D42D0C900F65447 /* Sources */ = {
			isa = PBXSourcesBuildPhase;
			buildActionMask = 2147483647;
			files = (
			);
			runOnlyForDeploymentPostprocessing = 0;
		};
		7ED5A3462D42D0CB00F65447 /* Sources */ = {
			isa = PBXSourcesBuildPhase;
			buildActionMask = 2147483647;
			files = (
			);
			runOnlyForDeploymentPostprocessing = 0;
		};
		7ED5A3502D42D0CB00F65447 /* Sources */ = {
			isa = PBXSourcesBuildPhase;
			buildActionMask = 2147483647;
			files = (
			);
			runOnlyForDeploymentPostprocessing = 0;
		};
/* End PBXSourcesBuildPhase section */

/* Begin PBXTargetDependency section */
		7ED5A34C2D42D0CB00F65447 /* PBXTargetDependency */ = {
			isa = PBXTargetDependency;
			target = 7ED5A3392D42D0C900F65447 /* FootDash */;
			targetProxy = 7ED5A34B2D42D0CB00F65447 /* PBXContainerItemProxy */;
		};
		7ED5A3562D42D0CB00F65447 /* PBXTargetDependency */ = {
			isa = PBXTargetDependency;
			target = 7ED5A3392D42D0C900F65447 /* FootDash */;
			targetProxy = 7ED5A3552D42D0CB00F65447 /* PBXContainerItemProxy */;
		};
/* End PBXTargetDependency section */

/* Begin XCBuildConfiguration section */
		7ED5A35C2D42D0CB00F65447 /* Debug */ = {
			isa = XCBuildConfiguration;
			buildSettings = {
				ALWAYS_SEARCH_USER_PATHS = NO;
				ASSETCATALOG_COMPILER_GENERATE_SWIFT_ASSET_SYMBOL_EXTENSIONS = YES;
				CLANG_ANALYZER_NONNULL = YES;
				CLANG_ANALYZER_NUMBER_OBJECT_CONVERSION = YES_AGGRESSIVE;
				CLANG_CXX_LANGUAGE_STANDARD = "gnu++20";
				CLANG_ENABLE_MODULES = YES;
				CLANG_ENABLE_OBJC_ARC = YES;
				CLANG_ENABLE_OBJC_WEAK = YES;
				CLANG_WARN_BLOCK_CAPTURE_AUTORELEASING = YES;
				CLANG_WARN_BOOL_CONVERSION = YES;
				CLANG_WARN_COMMA = YES;
				CLANG_WARN_CONSTANT_CONVERSION = YES;
				CLANG_WARN_DEPRECATED_OBJC_IMPLEMENTATIONS = YES;
				CLANG_WARN_DIRECT_OBJC_ISA_USAGE = YES_ERROR;
				CLANG_WARN_DOCUMENTATION_COMMENTS = YES;
				CLANG_WARN_EMPTY_BODY = YES;
				CLANG_WARN_ENUM_CONVERSION = YES;
				CLANG_WARN_INFINITE_RECURSION = YES;
				CLANG_WARN_INT_CONVERSION = YES;
				CLANG_WARN_NON_LITERAL_NULL_CONVERSION = YES;
				CLANG_WARN_OBJC_IMPLICIT_RETAIN_SELF = YES;
				CLANG_WARN_OBJC_LITERAL_CONVERSION = YES;
				CLANG_WARN_OBJC_ROOT_CLASS = YES_ERROR;
				CLANG_WARN_QUOTED_INCLUDE_IN_FRAMEWORK_HEADER = YES;
				CLANG_WARN_RANGE_LOOP_ANALYSIS = YES;
				CLANG_WARN_STRICT_PROTOTYPES = YES;
				CLANG_WARN_SUSPICIOUS_MOVE = YES;
				CLANG_WARN_UNGUARDED_AVAILABILITY = YES_AGGRESSIVE;
				CLANG_WARN_UNREACHABLE_CODE = YES;
				CLANG_WARN__DUPLICATE_METHOD_MATCH = YES;
				COPY_PHASE_STRIP = NO;
				DEBUG_INFORMATION_FORMAT = dwarf;
				ENABLE_STRICT_OBJC_MSGSEND = YES;
				ENABLE_TESTABILITY = YES;
				ENABLE_USER_SCRIPT_SANDBOXING = YES;
				GCC_C_LANGUAGE_STANDARD = gnu17;
				GCC_DYNAMIC_NO_PIC = NO;
				GCC_NO_COMMON_BLOCKS = YES;
				GCC_OPTIMIZATION_LEVEL = 0;
				GCC_PREPROCESSOR_DEFINITIONS = (
					"DEBUG=1",
					"$(inherited)",
				);
				GCC_WARN_64_TO_32_BIT_CONVERSION = YES;
				GCC_WARN_ABOUT_RETURN_TYPE = YES_ERROR;
				GCC_WARN_UNDECLARED_SELECTOR = YES;
				GCC_WARN_UNINITIALIZED_AUTOS = YES_AGGRESSIVE;
				GCC_WARN_UNUSED_FUNCTION = YES;
				GCC_WARN_UNUSED_VARIABLE = YES;
				IPHONEOS_DEPLOYMENT_TARGET = 18.2;
				LOCALIZATION_PREFERS_STRING_CATALOGS = YES;
				MTL_ENABLE_DEBUG_INFO = INCLUDE_SOURCE;
				MTL_FAST_MATH = YES;
				ONLY_ACTIVE_ARCH = YES;
				SDKROOT = iphoneos;
				SWIFT_ACTIVE_COMPILATION_CONDITIONS = "DEBUG $(inherited)";
				SWIFT_OPTIMIZATION_LEVEL = "-Onone";
			};
			name = Debug;
		};
		7ED5A35D2D42D0CB00F65447 /* Release */ = {
			isa = XCBuildConfiguration;
			buildSettings = {
				ALWAYS_SEARCH_USER_PATHS = NO;
				ASSETCATALOG_COMPILER_GENERATE_SWIFT_ASSET_SYMBOL_EXTENSIONS = YES;
				CLANG_ANALYZER_NONNULL = YES;
				CLANG_ANALYZER_NUMBER_OBJECT_CONVERSION = YES_AGGRESSIVE;
				CLANG_CXX_LANGUAGE_STANDARD = "gnu++20";
				CLANG_ENABLE_MODULES = YES;
				CLANG_ENABLE_OBJC_ARC = YES;
				CLANG_ENABLE_OBJC_WEAK = YES;
				CLANG_WARN_BLOCK_CAPTURE_AUTORELEASING = YES;
				CLANG_WARN_BOOL_CONVERSION = YES;
				CLANG_WARN_COMMA = YES;
				CLANG_WARN_CONSTANT_CONVERSION = YES;
				CLANG_WARN_DEPRECATED_OBJC_IMPLEMENTATIONS = YES;
				CLANG_WARN_DIRECT_OBJC_ISA_USAGE = YES_ERROR;
				CLANG_WARN_DOCUMENTATION_COMMENTS = YES;
				CLANG_WARN_EMPTY_BODY = YES;
				CLANG_WARN_ENUM_CONVERSION = YES;
				CLANG_WARN_INFINITE_RECURSION = YES;
				CLANG_WARN_INT_CONVERSION = YES;
				CLANG_WARN_NON_LITERAL_NULL_CONVERSION = YES;
				CLANG_WARN_OBJC_IMPLICIT_RETAIN_SELF = YES;
				CLANG_WARN_OBJC_LITERAL_CONVERSION = YES;
				CLANG_WARN_OBJC_ROOT_CLASS = YES_ERROR;
				CLANG_WARN_QUOTED_INCLUDE_IN_FRAMEWORK_HEADER = YES;
				CLANG_WARN_RANGE_LOOP_ANALYSIS = YES;
				CLANG_WARN_STRICT_PROTOTYPES = YES;
				CLANG_WARN_SUSPICIOUS_MOVE = YES;
				CLANG_WARN_UNGUARDED_AVAILABILITY = YES_AGGRESSIVE;
				CLANG_WARN_UNREACHABLE_CODE = YES;
				CLANG_WARN__DUPLICATE_METHOD_MATCH = YES;
				COPY_PHASE_STRIP = NO;
				DEBUG_INFORMATION_FORMAT = "dwarf-with-dsym";
				ENABLE_NS_ASSERTIONS = NO;
				ENABLE_STRICT_OBJC_MSGSEND = YES;
				ENABLE_USER_SCRIPT_SANDBOXING = YES;
				GCC_C_LANGUAGE_STANDARD = gnu17;
				GCC_NO_COMMON_BLOCKS = YES;
				GCC_WARN_64_TO_32_BIT_CONVERSION = YES;
				GCC_WARN_ABOUT_RETURN_TYPE = YES_ERROR;
				GCC_WARN_UNDECLARED_SELECTOR = YES;
				GCC_WARN_UNINITIALIZED_AUTOS = YES_AGGRESSIVE;
				GCC_WARN_UNUSED_FUNCTION = YES;
				GCC_WARN_UNUSED_VARIABLE = YES;
				IPHONEOS_DEPLOYMENT_TARGET = 18.2;
				LOCALIZATION_PREFERS_STRING_CATALOGS = YES;
				MTL_ENABLE_DEBUG_INFO = NO;
				MTL_FAST_MATH = YES;
				SDKROOT = iphoneos;
				SWIFT_COMPILATION_MODE = wholemodule;
				VALIDATE_PRODUCT = YES;
			};
			name = Release;
		};
		7ED5A35F2D42D0CB00F65447 /* Debug */ = {
			isa = XCBuildConfiguration;
			buildSettings = {
				ASSETCATALOG_COMPILER_APPICON_NAME = AppIcon;
				ASSETCATALOG_COMPILER_GLOBAL_ACCENT_COLOR_NAME = AccentColor;
				CODE_SIGN_STYLE = Automatic;
				CURRENT_PROJECT_VERSION = 1;
				DEVELOPMENT_ASSET_PATHS = "\"FootDash/Preview Content\"";
				DEVELOPMENT_TEAM = 3686A6RW24;
				ENABLE_PREVIEWS = YES;
				GENERATE_INFOPLIST_FILE = YES;
				INFOPLIST_KEY_UIApplicationSceneManifest_Generation = YES;
				INFOPLIST_KEY_UIApplicationSupportsIndirectInputEvents = YES;
				INFOPLIST_KEY_UILaunchScreen_Generation = YES;
				INFOPLIST_KEY_UISupportedInterfaceOrientations_iPad = "UIInterfaceOrientationPortrait UIInterfaceOrientationPortraitUpsideDown UIInterfaceOrientationLandscapeLeft UIInterfaceOrientationLandscapeRight";
				INFOPLIST_KEY_UISupportedInterfaceOrientations_iPhone = "UIInterfaceOrientationPortrait UIInterfaceOrientationLandscapeLeft UIInterfaceOrientationLandscapeRight";
				LD_RUNPATH_SEARCH_PATHS = (
					"$(inherited)",
					"@executable_path/Frameworks",
				);
				MARKETING_VERSION = 1.0;
				PRODUCT_BUNDLE_IDENTIFIER = com.andrew.com.FootDash;
				PRODUCT_NAME = "$(TARGET_NAME)";
				SWIFT_EMIT_LOC_STRINGS = YES;
				SWIFT_VERSION = 5.0;
				TARGETED_DEVICE_FAMILY = "1,2";
			};
			name = Debug;
		};
		7ED5A3602D42D0CB00F65447 /* Release */ = {
			isa = XCBuildConfiguration;
			buildSettings = {
				ASSETCATALOG_COMPILER_APPICON_NAME = AppIcon;
				ASSETCATALOG_COMPILER_GLOBAL_ACCENT_COLOR_NAME = AccentColor;
				CODE_SIGN_STYLE = Automatic;
				CURRENT_PROJECT_VERSION = 1;
				DEVELOPMENT_ASSET_PATHS = "\"FootDash/Preview Content\"";
				DEVELOPMENT_TEAM = 3686A6RW24;
				ENABLE_PREVIEWS = YES;
				GENERATE_INFOPLIST_FILE = YES;
				INFOPLIST_KEY_UIApplicationSceneManifest_Generation = YES;
				INFOPLIST_KEY_UIApplicationSupportsIndirectInputEvents = YES;
				INFOPLIST_KEY_UILaunchScreen_Generation = YES;
				INFOPLIST_KEY_UISupportedInterfaceOrientations_iPad = "UIInterfaceOrientationPortrait UIInterfaceOrientationPortraitUpsideDown UIInterfaceOrientationLandscapeLeft UIInterfaceOrientationLandscapeRight";
				INFOPLIST_KEY_UISupportedInterfaceOrientations_iPhone = "UIInterfaceOrientationPortrait UIInterfaceOrientationLandscapeLeft UIInterfaceOrientationLandscapeRight";
				LD_RUNPATH_SEARCH_PATHS = (
					"$(inherited)",
					"@executable_path/Frameworks",
				);
				MARKETING_VERSION = 1.0;
				PRODUCT_BUNDLE_IDENTIFIER = com.andrew.com.FootDash;
				PRODUCT_NAME = "$(TARGET_NAME)";
				SWIFT_EMIT_LOC_STRINGS = YES;
				SWIFT_VERSION = 5.0;
				TARGETED_DEVICE_FAMILY = "1,2";
			};
			name = Release;
		};
		7ED5A3622D42D0CB00F65447 /* Debug */ = {
			isa = XCBuildConfiguration;
			buildSettings = {
				BUNDLE_LOADER = "$(TEST_HOST)";
				CODE_SIGN_STYLE = Automatic;
				CURRENT_PROJECT_VERSION = 1;
				DEVELOPMENT_TEAM = 3686A6RW24;
				GENERATE_INFOPLIST_FILE = YES;
				IPHONEOS_DEPLOYMENT_TARGET = 18.2;
				MARKETING_VERSION = 1.0;
				PRODUCT_BUNDLE_IDENTIFIER = com.andrew.com.FootDashTests;
				PRODUCT_NAME = "$(TARGET_NAME)";
				SWIFT_EMIT_LOC_STRINGS = NO;
				SWIFT_VERSION = 5.0;
				TARGETED_DEVICE_FAMILY = "1,2";
				TEST_HOST = "$(BUILT_PRODUCTS_DIR)/FootDash.app/$(BUNDLE_EXECUTABLE_FOLDER_PATH)/FootDash";
			};
			name = Debug;
		};
		7ED5A3632D42D0CB00F65447 /* Release */ = {
			isa = XCBuildConfiguration;
			buildSettings = {
				BUNDLE_LOADER = "$(TEST_HOST)";
				CODE_SIGN_STYLE = Automatic;
				CURRENT_PROJECT_VERSION = 1;
				DEVELOPMENT_TEAM = 3686A6RW24;
				GENERATE_INFOPLIST_FILE = YES;
				IPHONEOS_DEPLOYMENT_TARGET = 18.2;
				MARKETING_VERSION = 1.0;
				PRODUCT_BUNDLE_IDENTIFIER = com.andrew.com.FootDashTests;
				PRODUCT_NAME = "$(TARGET_NAME)";
				SWIFT_EMIT_LOC_STRINGS = NO;
				SWIFT_VERSION = 5.0;
				TARGETED_DEVICE_FAMILY = "1,2";
				TEST_HOST = "$(BUILT_PRODUCTS_DIR)/FootDash.app/$(BUNDLE_EXECUTABLE_FOLDER_PATH)/FootDash";
			};
			name = Release;
		};
		7ED5A3652D42D0CB00F65447 /* Debug */ = {
			isa = XCBuildConfiguration;
			buildSettings = {
				CODE_SIGN_STYLE = Automatic;
				CURRENT_PROJECT_VERSION = 1;
				DEVELOPMENT_TEAM = 3686A6RW24;
				GENERATE_INFOPLIST_FILE = YES;
				MARKETING_VERSION = 1.0;
				PRODUCT_BUNDLE_IDENTIFIER = com.andrew.com.FootDashUITests;
				PRODUCT_NAME = "$(TARGET_NAME)";
				SWIFT_EMIT_LOC_STRINGS = NO;
				SWIFT_VERSION = 5.0;
				TARGETED_DEVICE_FAMILY = "1,2";
				TEST_TARGET_NAME = FootDash;
			};
			name = Debug;
		};
		7ED5A3662D42D0CB00F65447 /* Release */ = {
			isa = XCBuildConfiguration;
			buildSettings = {
				CODE_SIGN_STYLE = Automatic;
				CURRENT_PROJECT_VERSION = 1;
				DEVELOPMENT_TEAM = 3686A6RW24;
				GENERATE_INFOPLIST_FILE = YES;
				MARKETING_VERSION = 1.0;
				PRODUCT_BUNDLE_IDENTIFIER = com.andrew.com.FootDashUITests;
				PRODUCT_NAME = "$(TARGET_NAME)";
				SWIFT_EMIT_LOC_STRINGS = NO;
				SWIFT_VERSION = 5.0;
				TARGETED_DEVICE_FAMILY = "1,2";
				TEST_TARGET_NAME = FootDash;
			};
			name = Release;
		};
/* End XCBuildConfiguration section */

/* Begin XCConfigurationList section */
		7ED5A3352D42D0C900F65447 /* Build configuration list for PBXProject "FootDash" */ = {
			isa = XCConfigurationList;
			buildConfigurations = (
				7ED5A35C2D42D0CB00F65447 /* Debug */,
				7ED5A35D2D42D0CB00F65447 /* Release */,
			);
			defaultConfigurationIsVisible = 0;
			defaultConfigurationName = Release;
		};
		7ED5A35E2D42D0CB00F65447 /* Build configuration list for PBXNativeTarget "FootDash" */ = {
			isa = XCConfigurationList;
			buildConfigurations = (
				7ED5A35F2D42D0CB00F65447 /* Debug */,
				7ED5A3602D42D0CB00F65447 /* Release */,
			);
			defaultConfigurationIsVisible = 0;
			defaultConfigurationName = Release;
		};
		7ED5A3612D42D0CB00F65447 /* Build configuration list for PBXNativeTarget "FootDashTests" */ = {
			isa = XCConfigurationList;
			buildConfigurations = (
				7ED5A3622D42D0CB00F65447 /* Debug */,
				7ED5A3632D42D0CB00F65447 /* Release */,
			);
			defaultConfigurationIsVisible = 0;
			defaultConfigurationName = Release;
		};
		7ED5A3642D42D0CB00F65447 /* Build configuration list for PBXNativeTarget "FootDashUITests" */ = {
			isa = XCConfigurationList;
			buildConfigurations = (
				7ED5A3652D42D0CB00F65447 /* Debug */,
				7ED5A3662D42D0CB00F65447 /* Release */,
			);
			defaultConfigurationIsVisible = 0;
			defaultConfigurationName = Release;
		};
/* End XCConfigurationList section */
	};
	rootObject = 7ED5A3322D42D0C900F65447 /* Project object */;
}
